
Microsoft Visual Studio Solution File, Format Version 12.00
# Visual Studio Version 17
VisualStudioVersion = 17.8.34112.27
MinimumVisualStudioVersion = 10.0.40219.1
Project("{FAE04EC0-301F-11D3-BF4B-00C04F79EFBC}") = "01_MainSubjects", "01_MainSubjects\01_MainSubjects.csproj", "{EF19F5DF-29CB-40D4-915B-E0C4CC024E01}"
EndProject
Global
	GlobalSection(SolutionConfigurationPlatforms) = preSolution
		Debug|Any CPU = Debug|Any CPU
		Release|Any CPU = Release|Any CPU
	EndGlobalSection
	GlobalSection(ProjectConfigurationPlatforms) = postSolution
		{EF19F5DF-29CB-40D4-915B-E0C4CC024E01}.Debug|Any CPU.ActiveCfg = Debug|Any CPU
		{EF19F5DF-29CB-40D4-915B-E0C4CC024E01}.Debug|Any CPU.Build.0 = Debug|Any CPU
		{EF19F5DF-29CB-40D4-915B-E0C4CC024E01}.Release|Any CPU.ActiveCfg = Release|Any CPU
		{EF19F5DF-29CB-40D4-915B-E0C4CC024E01}.Release|Any CPU.Build.0 = Release|Any CPU
	EndGlobalSection
	GlobalSection(SolutionProperties) = preSolution
		HideSolutionNode = FALSE
	EndGlobalSection
	GlobalSection(ExtensibilityGlobals) = postSolution
		SolutionGuid = {C0CB975E-EE11-4323-BB20-0D9E29EE19FD}
	EndGlobalSection
EndGlobal
